
Microsoft Visual Studio Solution File, Format Version 12.00
# Visual Studio 15
VisualStudioVersion = 15.0.27703.2042
MinimumVisualStudioVersion = 10.0.40219.1
Project("{FAE04EC0-301F-11D3-BF4B-00C04F79EFBC}") = "TemplatesHw", "TemplatesHw\TemplatesHw.csproj", "{8446B1D9-3822-4028-AA92-1B6C7A243392}"
EndProject
Global
	GlobalSection(SolutionConfigurationPlatforms) = preSolution
		Debug|Any CPU = Debug|Any CPU
		Release|Any CPU = Release|Any CPU
	EndGlobalSection
	GlobalSection(ProjectConfigurationPlatforms) = postSolution
		{8446B1D9-3822-4028-AA92-1B6C7A243392}.Debug|Any CPU.ActiveCfg = Debug|Any CPU
		{8446B1D9-3822-4028-AA92-1B6C7A243392}.Debug|Any CPU.Build.0 = Debug|Any CPU
		{8446B1D9-3822-4028-AA92-1B6C7A243392}.Release|Any CPU.ActiveCfg = Release|Any CPU
		{8446B1D9-3822-4028-AA92-1B6C7A243392}.Release|Any CPU.Build.0 = Release|Any CPU
	EndGlobalSection
	GlobalSection(SolutionProperties) = preSolution
		HideSolutionNode = FALSE
	EndGlobalSection
	GlobalSection(ExtensibilityGlobals) = postSolution
		SolutionGuid = {AEDE514B-9254-460D-97CE-EF958A326086}
	EndGlobalSection
EndGlobal
